
Microsoft Visual Studio Solution File, Format Version 12.00
# Visual Studio 2013
VisualStudioVersion = 12.0.40629.0
MinimumVisualStudioVersion = 10.0.40219.1
Project("{FAE04EC0-301F-11D3-BF4B-00C04F79EFBC}") = "Assert", "Assert\Assert.csproj", "{F1F1447A-4DC2-4E62-92ED-94BF0AE9D703}"
EndProject
Global
	GlobalSection(SolutionConfigurationPlatforms) = preSolution
		Debug|Any CPU = Debug|Any CPU
		Release|Any CPU = Release|Any CPU
	EndGlobalSection
	GlobalSection(ProjectConfigurationPlatforms) = postSolution
		{F1F1447A-4DC2-4E62-92ED-94BF0AE9D703}.Debug|Any CPU.ActiveCfg = Debug|Any CPU
		{F1F1447A-4DC2-4E62-92ED-94BF0AE9D703}.Debug|Any CPU.Build.0 = Debug|Any CPU
		{F1F1447A-4DC2-4E62-92ED-94BF0AE9D703}.Release|Any CPU.ActiveCfg = Release|Any CPU
		{F1F1447A-4DC2-4E62-92ED-94BF0AE9D703}.Release|Any CPU.Build.0 = Release|Any CPU
	EndGlobalSection
	GlobalSection(SolutionProperties) = preSolution
		HideSolutionNode = FALSE
	EndGlobalSection
EndGlobal
